
Microsoft Visual Studio Solution File, Format Version 12.00
# Visual Studio Version 17
VisualStudioVersion = 17.3.32929.385
MinimumVisualStudioVersion = 10.0.40219.1
Project("{888888A0-9F3D-457C-B088-3A5042F75D52}") = "6771_final", "6771_final\6771_final.pyproj", "{2E86045A-F057-4903-8F5A-D78C87E2DC83}"
EndProject
Global
	GlobalSection(SolutionConfigurationPlatforms) = preSolution
		Debug|Any CPU = Debug|Any CPU
		Release|Any CPU = Release|Any CPU
	EndGlobalSection
	GlobalSection(ProjectConfigurationPlatforms) = postSolution
		{2E86045A-F057-4903-8F5A-D78C87E2DC83}.Debug|Any CPU.ActiveCfg = Debug|Any CPU
		{2E86045A-F057-4903-8F5A-D78C87E2DC83}.Release|Any CPU.ActiveCfg = Release|Any CPU
	EndGlobalSection
	GlobalSection(SolutionProperties) = preSolution
		HideSolutionNode = FALSE
	EndGlobalSection
	GlobalSection(ExtensibilityGlobals) = postSolution
		SolutionGuid = {9089CB69-733C-4109-A9A8-6CA949C6BAA1}
	EndGlobalSection
EndGlobal
